
Microsoft Visual Studio Solution File, Format Version 12.00
# Visual Studio Version 16
VisualStudioVersion = 16.0.29920.165
MinimumVisualStudioVersion = 10.0.40219.1
Project("{FAE04EC0-301F-11D3-BF4B-00C04F79EFBC}") = "StudentDemo", "StudentDemo\StudentDemo.csproj", "{303FC028-8690-4AFB-B734-481601FF8BD0}"
EndProject
Global
	GlobalSection(SolutionConfigurationPlatforms) = preSolution
		Debug|Any CPU = Debug|Any CPU
		Release|Any CPU = Release|Any CPU
	EndGlobalSection
	GlobalSection(ProjectConfigurationPlatforms) = postSolution
		{303FC028-8690-4AFB-B734-481601FF8BD0}.Debug|Any CPU.ActiveCfg = Debug|Any CPU
		{303FC028-8690-4AFB-B734-481601FF8BD0}.Debug|Any CPU.Build.0 = Debug|Any CPU
		{303FC028-8690-4AFB-B734-481601FF8BD0}.Release|Any CPU.ActiveCfg = Release|Any CPU
		{303FC028-8690-4AFB-B734-481601FF8BD0}.Release|Any CPU.Build.0 = Release|Any CPU
	EndGlobalSection
	GlobalSection(SolutionProperties) = preSolution
		HideSolutionNode = FALSE
	EndGlobalSection
	GlobalSection(ExtensibilityGlobals) = postSolution
		SolutionGuid = {56363DD6-D7DA-4EB4-B0A0-D364F1B99876}
	EndGlobalSection
EndGlobal
